Microsoft Visual Studio Solution File, Format Version 12.00
# Visual Studio Version 17
VisualStudioVersion = 17.5.2.0
MinimumVisualStudioVersion = 10.0.40219.1
Project("{FAE04EC0-301F-11D3-BF4B-00C04F79EFBC}") = "DevHabit.Api", "DevHabit.Api\DevHabit.Api.csproj", "{552C35BF-9D1E-183B-070D-99D7AE0FE6DA}"
EndProject
Global
	GlobalSection(SolutionConfigurationPlatforms) = preSolution
		Debug|Any CPU = Debug|Any CPU
		Release|Any CPU = Release|Any CPU
	EndGlobalSection
	GlobalSection(ProjectConfigurationPlatforms) = postSolution
		{552C35BF-9D1E-183B-070D-99D7AE0FE6DA}.Debug|Any CPU.ActiveCfg = Debug|Any CPU
		{552C35BF-9D1E-183B-070D-99D7AE0FE6DA}.Debug|Any CPU.Build.0 = Debug|Any CPU
		{552C35BF-9D1E-183B-070D-99D7AE0FE6DA}.Release|Any CPU.ActiveCfg = Release|Any CPU
		{552C35BF-9D1E-183B-070D-99D7AE0FE6DA}.Release|Any CPU.Build.0 = Release|Any CPU
	EndGlobalSection
	GlobalSection(SolutionProperties) = preSolution
		HideSolutionNode = FALSE
	EndGlobalSection
	GlobalSection(ExtensibilityGlobals) = postSolution
		SolutionGuid = {1208D8F2-0754-4F27-A6BA-969C5204E7EC}
	EndGlobalSection
EndGlobal
