
Microsoft Visual Studio Solution File, Format Version 12.00
# Visual Studio Version 17
VisualStudioVersion = 17.0.31903.59
MinimumVisualStudioVersion = 10.0.40219.1
Project("{FAE04EC0-301F-11D3-BF4B-00C04F79EFBC}") = "DevHabit.Api", "DevHabit.Api\DevHabit.Api.csproj", "{073D5833-149A-4470-A2F9-C2FCA1266DD9}"
EndProject
Global
	GlobalSection(SolutionConfigurationPlatforms) = preSolution
		Debug|Any CPU = Debug|Any CPU
		Release|Any CPU = Release|Any CPU
	EndGlobalSection
	GlobalSection(SolutionProperties) = preSolution
		HideSolutionNode = FALSE
	EndGlobalSection
	GlobalSection(ProjectConfigurationPlatforms) = postSolution
		{073D5833-149A-4470-A2F9-C2FCA1266DD9}.Debug|Any CPU.ActiveCfg = Debug|Any CPU
		{073D5833-149A-4470-A2F9-C2FCA1266DD9}.Debug|Any CPU.Build.0 = Debug|Any CPU
		{073D5833-149A-4470-A2F9-C2FCA1266DD9}.Release|Any CPU.ActiveCfg = Release|Any CPU
		{073D5833-149A-4470-A2F9-C2FCA1266DD9}.Release|Any CPU.Build.0 = Release|Any CPU
	EndGlobalSection
EndGlobal
